// !$*UTF8*$!
{
	archiveVersion = 1;
	classes = {
	};
	objectVersion = 46;
	objects = {

/* Begin PBXBuildFile section */
		5B0E186D17D4E43000237B76 /* EditDayViewController.m in Sources */ = {isa = PBXBuildFile; fileRef = 5B0E186C17D4E43000237B76 /* EditDayViewController.m */; };
		5B0E187017D4E4E000237B76 /* EditShiftDetailViewController.m in Sources */ = {isa = PBXBuildFile; fileRef = 5B0E186F17D4E4E000237B76 /* EditShiftDetailViewController.m */; };
		5B18C31917C12D8200711181 /* EditShiftsViewController.m in Sources */ = {isa = PBXBuildFile; fileRef = 5B18C31817C12D8200711181 /* EditShiftsViewController.m */; };
		5B38E00617B7BFB000422EC1 /* UIKit.framework in Frameworks */ = {isa = PBXBuildFile; fileRef = 5B38E00517B7BFB000422EC1 /* UIKit.framework */; };
		5B38E00817B7BFB000422EC1 /* Foundation.framework in Frameworks */ = {isa = PBXBuildFile; fileRef = 5B38E00717B7BFB000422EC1 /* Foundation.framework */; };
		5B38E00A17B7BFB000422EC1 /* CoreGraphics.framework in Frameworks */ = {isa = PBXBuildFile; fileRef = 5B38E00917B7BFB000422EC1 /* CoreGraphics.framework */; };
		5B38E01017B7BFB000422EC1 /* InfoPlist.strings in Resources */ = {isa = PBXBuildFile; fileRef = 5B38E00E17B7BFB000422EC1 /* InfoPlist.strings */; };
		5B38E01217B7BFB000422EC1 /* main.m in Sources */ = {isa = PBXBuildFile; fileRef = 5B38E01117B7BFB000422EC1 /* main.m */; };
		5B38E01617B7BFB000422EC1 /* AppDelegate.m in Sources */ = {isa = PBXBuildFile; fileRef = 5B38E01517B7BFB000422EC1 /* AppDelegate.m */; };
		5B38E01817B7BFB000422EC1 /* Default.png in Resources */ = {isa = PBXBuildFile; fileRef = 5B38E01717B7BFB000422EC1 /* Default.png */; };
		5B38E01C17B7BFB000422EC1 /* Default-568h@2x.png in Resources */ = {isa = PBXBuildFile; fileRef = 5B38E01B17B7BFB000422EC1 /* Default-568h@2x.png */; };
		5B38E01F17B7BFB000422EC1 /* MainStoryboard.storyboard in Resources */ = {isa = PBXBuildFile; fileRef = 5B38E01D17B7BFB000422EC1 /* MainStoryboard.storyboard */; };
		5B38E02E17B7BFF400422EC1 /* Employee.m in Sources */ = {isa = PBXBuildFile; fileRef = 5B38E02917B7BFF400422EC1 /* Employee.m */; };
		5B38E02F17B7BFF400422EC1 /* WorkShift.m in Sources */ = {isa = PBXBuildFile; fileRef = 5B38E02B17B7BFF400422EC1 /* WorkShift.m */; };
		5B38E03017B7BFF400422EC1 /* WorkDay.m in Sources */ = {isa = PBXBuildFile; fileRef = 5B38E02D17B7BFF400422EC1 /* WorkDay.m */; };
		5BAEA608180058EC0038A5ED /* MessageUI.framework in Frameworks */ = {isa = PBXBuildFile; fileRef = 5BAEA607180058EC0038A5ED /* MessageUI.framework */; };
		5BB7C95E17E8D45900608790 /* MyManager.m in Sources */ = {isa = PBXBuildFile; fileRef = 5BB7C95D17E8D45900608790 /* MyManager.m */; };
		5BC119631801131F00DC2904 /* DayOrderViewController.m in Sources */ = {isa = PBXBuildFile; fileRef = 5BC119621801131F00DC2904 /* DayOrderViewController.m */; };
		5BC237CC1801BFD200C6CF6B /* Default@2x.png in Resources */ = {isa = PBXBuildFile; fileRef = 5BC237B41801BFD200C6CF6B /* Default@2x.png */; };
		5BC237CF1801BFD200C6CF6B /* EmployeesViewController.m in Sources */ = {isa = PBXBuildFile; fileRef = 5BC237BA1801BFD200C6CF6B /* EmployeesViewController.m */; };
		5BC237D01801BFD200C6CF6B /* InfoPlist.strings in Resources */ = {isa = PBXBuildFile; fileRef = 5BC237BB1801BFD200C6CF6B /* InfoPlist.strings */; };
		5BC237D11801BFD200C6CF6B /* MainStoryboard.storyboard in Resources */ = {isa = PBXBuildFile; fileRef = 5BC237BD1801BFD200C6CF6B /* MainStoryboard.storyboard */; };
		5BC237D41801BFD200C6CF6B /* ScheduleViewController.m in Sources */ = {isa = PBXBuildFile; fileRef = 5BC237C31801BFD200C6CF6B /* ScheduleViewController.m */; };
		5BC237D91801C01600C6CF6B /* shareIcon.png in Resources */ = {isa = PBXBuildFile; fileRef = 5BC237D81801C01600C6CF6B /* shareIcon.png */; };
		5BCFBBE717BFA4F700C2ABC4 /* AddEmployeeViewController.m in Sources */ = {isa = PBXBuildFile; fileRef = 5BCFBBE617BFA4F700C2ABC4 /* AddEmployeeViewController.m */; };
/* End PBXBuildFile section */

/* Begin PBXFileReference section */
		5B0E186B17D4E43000237B76 /* EditDayViewController.h */ = {isa = PBXFileReference; fileEncoding = 4; lastKnownFileType = sourcecode.c.h; path = EditDayViewController.h; sourceTree = "<group>"; };
		5B0E186C17D4E43000237B76 /* EditDayViewController.m */ = {isa = PBXFileReference; fileEncoding = 4; lastKnownFileType = sourcecode.c.objc; path = EditDayViewController.m; sourceTree = "<group>"; };
		5B0E186E17D4E4E000237B76 /* EditShiftDetailViewController.h */ = {isa = PBXFileReference; fileEncoding = 4; lastKnownFileType = sourcecode.c.h; path = EditShiftDetailViewController.h; sourceTree = "<group>"; };
		5B0E186F17D4E4E000237B76 /* EditShiftDetailViewController.m */ = {isa = PBXFileReference; fileEncoding = 4; lastKnownFileType = sourcecode.c.objc; path = EditShiftDetailViewController.m; sourceTree = "<group>"; };
		5B140B5317B7CD470021F190 /* ScheduleViewController.h */ = {isa = PBXFileReference; fileEncoding = 4; lastKnownFileType = sourcecode.c.h; name = ScheduleViewController.h; path = QuickSchedule/ScheduleViewController.h; sourceTree = "<group>"; };
		5B140B5417B7CD470021F190 /* ScheduleViewController.m */ = {isa = PBXFileReference; fileEncoding = 4; lastKnownFileType = sourcecode.c.objc; name = ScheduleViewController.m; path = QuickSchedule/ScheduleViewController.m; sourceTree = "<group>"; };
		5B140B5617B7D75C0021F190 /* EmployeesViewController.h */ = {isa = PBXFileReference; fileEncoding = 4; lastKnownFileType = sourcecode.c.h; name = EmployeesViewController.h; path = QuickSchedule/EmployeesViewController.h; sourceTree = "<group>"; };
		5B140B5717B7D75C0021F190 /* EmployeesViewController.m */ = {isa = PBXFileReference; fileEncoding = 4; lastKnownFileType = sourcecode.c.objc; name = EmployeesViewController.m; path = QuickSchedule/EmployeesViewController.m; sourceTree = "<group>"; };
		5B18C31717C12D8200711181 /* EditShiftsViewController.h */ = {isa = PBXFileReference; fileEncoding = 4; lastKnownFileType = sourcecode.c.h; path = EditShiftsViewController.h; sourceTree = "<group>"; };
		5B18C31817C12D8200711181 /* EditShiftsViewController.m */ = {isa = PBXFileReference; fileEncoding = 4; lastKnownFileType = sourcecode.c.objc; path = EditShiftsViewController.m; sourceTree = "<group>"; };
		5B38E00217B7BFB000422EC1 /* QuickSchedule.app */ = {isa = PBXFileReference; explicitFileType = wrapper.application; includeInIndex = 0; path = QuickSchedule.app; sourceTree = BUILT_PRODUCTS_DIR; };
		5B38E00517B7BFB000422EC1 /* UIKit.framework */ = {isa = PBXFileReference; lastKnownFileType = wrapper.framework; name = UIKit.framework; path = System/Library/Frameworks/UIKit.framework; sourceTree = SDKROOT; };
		5B38E00717B7BFB000422EC1 /* Foundation.framework */ = {isa = PBXFileReference; lastKnownFileType = wrapper.framework; name = Foundation.framework; path = System/Library/Frameworks/Foundation.framework; sourceTree = SDKROOT; };
		5B38E00917B7BFB000422EC1 /* CoreGraphics.framework */ = {isa = PBXFileReference; lastKnownFileType = wrapper.framework; name = CoreGraphics.framework; path = System/Library/Frameworks/CoreGraphics.framework; sourceTree = SDKROOT; };
		5B38E00D17B7BFB000422EC1 /* QuickSchedule-Info.plist */ = {isa = PBXFileReference; lastKnownFileType = text.plist.xml; path = "QuickSchedule-Info.plist"; sourceTree = "<group>"; };
		5B38E00F17B7BFB000422EC1 /* en */ = {isa = PBXFileReference; lastKnownFileType = text.plist.strings; name = en; path = en.lproj/InfoPlist.strings; sourceTree = "<group>"; };
		5B38E01117B7BFB000422EC1 /* main.m */ = {isa = PBXFileReference; lastKnownFileType = sourcecode.c.objc; path = main.m; sourceTree = "<group>"; };
		5B38E01317B7BFB000422EC1 /* QuickSchedule-Prefix.pch */ = {isa = PBXFileReference; lastKnownFileType = sourcecode.c.h; path = "QuickSchedule-Prefix.pch"; sourceTree = "<group>"; };
		5B38E01417B7BFB000422EC1 /* AppDelegate.h */ = {isa = PBXFileReference; lastKnownFileType = sourcecode.c.h; path = AppDelegate.h; sourceTree = "<group>"; };
		5B38E01517B7BFB000422EC1 /* AppDelegate.m */ = {isa = PBXFileReference; lastKnownFileType = sourcecode.c.objc; path = AppDelegate.m; sourceTree = "<group>"; };
		5B38E01717B7BFB000422EC1 /* Default.png */ = {isa = PBXFileReference; lastKnownFileType = image.png; path = Default.png; sourceTree = "<group>"; };
		5B38E01917B7BFB000422EC1 /* Default@2x.png */ = {isa = PBXFileReference; lastKnownFileType = image.png; path = "Default@2x.png"; sourceTree = "<group>"; };
		5B38E01B17B7BFB000422EC1 /* Default-568h@2x.png */ = {isa = PBXFileReference; lastKnownFileType = image.png; path = "Default-568h@2x.png"; sourceTree = "<group>"; };
		5B38E01E17B7BFB000422EC1 /* en */ = {isa = PBXFileReference; lastKnownFileType = file.storyboard; name = en; path = en.lproj/MainStoryboard.storyboard; sourceTree = "<group>"; };
		5B38E02817B7BFF400422EC1 /* Employee.h */ = {isa = PBXFileReference; fileEncoding = 4; lastKnownFileType = sourcecode.c.h; path = Employee.h; sourceTree = "<group>"; };
		5B38E02917B7BFF400422EC1 /* Employee.m */ = {isa = PBXFileReference; fileEncoding = 4; lastKnownFileType = sourcecode.c.objc; path = Employee.m; sourceTree = "<group>"; };
		5B38E02A17B7BFF400422EC1 /* WorkShift.h */ = {isa = PBXFileReference; fileEncoding = 4; lastKnownFileType = sourcecode.c.h; path = WorkShift.h; sourceTree = "<group>"; };
		5B38E02B17B7BFF400422EC1 /* WorkShift.m */ = {isa = PBXFileReference; fileEncoding = 4; lastKnownFileType = sourcecode.c.objc; path = WorkShift.m; sourceTree = "<group>"; };
		5B38E02C17B7BFF400422EC1 /* WorkDay.h */ = {isa = PBXFileReference; fileEncoding = 4; lastKnownFileType = sourcecode.c.h; path = WorkDay.h; sourceTree = "<group>"; };
		5B38E02D17B7BFF400422EC1 /* WorkDay.m */ = {isa = PBXFileReference; fileEncoding = 4; lastKnownFileType = sourcecode.c.objc; path = WorkDay.m; sourceTree = "<group>"; };
		5BAEA607180058EC0038A5ED /* MessageUI.framework */ = {isa = PBXFileReference; lastKnownFileType = wrapper.framework; name = MessageUI.framework; path = System/Library/Frameworks/MessageUI.framework; sourceTree = SDKROOT; };
		5BB7C95C17E8D45900608790 /* MyManager.h */ = {isa = PBXFileReference; fileEncoding = 4; lastKnownFileType = sourcecode.c.h; path = MyManager.h; sourceTree = "<group>"; };
		5BB7C95D17E8D45900608790 /* MyManager.m */ = {isa = PBXFileReference; fileEncoding = 4; lastKnownFileType = sourcecode.c.objc; path = MyManager.m; sourceTree = "<group>"; };
		5BC119611801131F00DC2904 /* DayOrderViewController.h */ = {isa = PBXFileReference; fileEncoding = 4; lastKnownFileType = sourcecode.c.h; path = DayOrderViewController.h; sourceTree = "<group>"; };
		5BC119621801131F00DC2904 /* DayOrderViewController.m */ = {isa = PBXFileReference; fileEncoding = 4; lastKnownFileType = sourcecode.c.objc; path = DayOrderViewController.m; sourceTree = "<group>"; };
		5BC237B01801BFD200C6CF6B /* AppDelegate.h */ = {isa = PBXFileReference; fileEncoding = 4; lastKnownFileType = sourcecode.c.h; path = AppDelegate.h; sourceTree = "<group>"; };
		5BC237B11801BFD200C6CF6B /* AppDelegate.m */ = {isa = PBXFileReference; fileEncoding = 4; lastKnownFileType = sourcecode.c.objc; path = AppDelegate.m; sourceTree = "<group>"; };
		5BC237B21801BFD200C6CF6B /* Default-568h@2x.png */ = {isa = PBXFileReference; lastKnownFileType = image.png; path = "Default-568h@2x.png"; sourceTree = "<group>"; };
		5BC237B31801BFD200C6CF6B /* Default.png */ = {isa = PBXFileReference; lastKnownFileType = image.png; path = Default.png; sourceTree = "<group>"; };
		5BC237B41801BFD200C6CF6B /* Default@2x.png */ = {isa = PBXFileReference; lastKnownFileType = image.png; path = "Default@2x.png"; sourceTree = "<group>"; };
		5BC237B51801BFD200C6CF6B /* Employee.h */ = {isa = PBXFileReference; fileEncoding = 4; lastKnownFileType = sourcecode.c.h; path = Employee.h; sourceTree = "<group>"; };
		5BC237B61801BFD200C6CF6B /* Employee.m */ = {isa = PBXFileReference; fileEncoding = 4; lastKnownFileType = sourcecode.c.objc; path = Employee.m; sourceTree = "<group>"; };
		5BC237B91801BFD200C6CF6B /* EmployeesViewController.h */ = {isa = PBXFileReference; fileEncoding = 4; lastKnownFileType = sourcecode.c.h; path = EmployeesViewController.h; sourceTree = "<group>"; };
		5BC237BA1801BFD200C6CF6B /* EmployeesViewController.m */ = {isa = PBXFileReference; fileEncoding = 4; lastKnownFileType = sourcecode.c.objc; path = EmployeesViewController.m; sourceTree = "<group>"; };
		5BC237BC1801BFD200C6CF6B /* en */ = {isa = PBXFileReference; lastKnownFileType = text.plist.strings; name = en; path = en.lproj/InfoPlist.strings; sourceTree = "<group>"; };
		5BC237BE1801BFD200C6CF6B /* en */ = {isa = PBXFileReference; lastKnownFileType = file.storyboard; name = en; path = en.lproj/MainStoryboard.storyboard; sourceTree = "<group>"; };
		5BC237BF1801BFD200C6CF6B /* main.m */ = {isa = PBXFileReference; fileEncoding = 4; lastKnownFileType = sourcecode.c.objc; path = main.m; sourceTree = "<group>"; };
		5BC237C01801BFD200C6CF6B /* QuickSchedule-Info.plist */ = {isa = PBXFileReference; fileEncoding = 4; lastKnownFileType = text.plist.xml; path = "QuickSchedule-Info.plist"; sourceTree = "<group>"; };
		5BC237C11801BFD200C6CF6B /* QuickSchedule-Prefix.pch */ = {isa = PBXFileReference; fileEncoding = 4; lastKnownFileType = sourcecode.c.h; path = "QuickSchedule-Prefix.pch"; sourceTree = "<group>"; };
		5BC237C21801BFD200C6CF6B /* ScheduleViewController.h */ = {isa = PBXFileReference; fileEncoding = 4; lastKnownFileType = sourcecode.c.h; path = ScheduleViewController.h; sourceTree = "<group>"; };
		5BC237C31801BFD200C6CF6B /* ScheduleViewController.m */ = {isa = PBXFileReference; fileEncoding = 4; lastKnownFileType = sourcecode.c.objc; path = ScheduleViewController.m; sourceTree = "<group>"; };
		5BC237C51801BFD200C6CF6B /* WorkDay.h */ = {isa = PBXFileReference; fileEncoding = 4; lastKnownFileType = sourcecode.c.h; path = WorkDay.h; sourceTree = "<group>"; };
		5BC237C61801BFD200C6CF6B /* WorkDay.m */ = {isa = PBXFileReference; fileEncoding = 4; lastKnownFileType = sourcecode.c.objc; path = WorkDay.m; sourceTree = "<group>"; };
		5BC237C71801BFD200C6CF6B /* WorkShift.h */ = {isa = PBXFileReference; fileEncoding = 4; lastKnownFileType = sourcecode.c.h; path = WorkShift.h; sourceTree = "<group>"; };
		5BC237C81801BFD200C6CF6B /* WorkShift.m */ = {isa = PBXFileReference; fileEncoding = 4; lastKnownFileType = sourcecode.c.objc; path = WorkShift.m; sourceTree = "<group>"; };
		5BC237D81801C01600C6CF6B /* shareIcon.png */ = {isa = PBXFileReference; lastKnownFileType = image.png; path = shareIcon.png; sourceTree = "<group>"; };
		5BCFBBE517BFA4F700C2ABC4 /* AddEmployeeViewController.h */ = {isa = PBXFileReference; fileEncoding = 4; lastKnownFileType = sourcecode.c.h; path = AddEmployeeViewController.h; sourceTree = "<group>"; };
		5BCFBBE617BFA4F700C2ABC4 /* AddEmployeeViewController.m */ = {isa = PBXFileReference; fileEncoding = 4; lastKnownFileType = sourcecode.c.objc; path = AddEmployeeViewController.m; sourceTree = "<group>"; };
		5BCFBBE817BFB66900C2ABC4 /* EmployeeDataController.h */ = {isa = PBXFileReference; fileEncoding = 4; lastKnownFileType = sourcecode.c.h; path = EmployeeDataController.h; sourceTree = "<group>"; };
		5BCFBBE917BFB66900C2ABC4 /* EmployeeDataController.m */ = {isa = PBXFileReference; fileEncoding = 4; lastKnownFileType = sourcecode.c.objc; path = EmployeeDataController.m; sourceTree = "<group>"; };
/* End PBXFileReference section */

/* Begin PBXFrameworksBuildPhase section */
		5B38DFFF17B7BFB000422EC1 /* Frameworks */ = {
			isa = PBXFrameworksBuildPhase;
			buildActionMask = 2147483647;
			files = (
				5BAEA608180058EC0038A5ED /* MessageUI.framework in Frameworks */,
				5B38E00617B7BFB000422EC1 /* UIKit.framework in Frameworks */,
				5B38E00817B7BFB000422EC1 /* Foundation.framework in Frameworks */,
				5B38E00A17B7BFB000422EC1 /* CoreGraphics.framework in Frameworks */,
			);
			runOnlyForDeploymentPostprocessing = 0;
		};
/* End PBXFrameworksBuildPhase section */

/* Begin PBXGroup section */
		5B38DFF917B7BFB000422EC1 = {
			isa = PBXGroup;
			children = (
				5BC237D81801C01600C6CF6B /* shareIcon.png */,
				5BC237AF1801BFD200C6CF6B /* QuickSchedule */,
				5BC119611801131F00DC2904 /* DayOrderViewController.h */,
				5BC119621801131F00DC2904 /* DayOrderViewController.m */,
				5BB7C95B17E8D42000608790 /* DataManager */,
				5BC7743017E9F8140066648E /* WorkShift Controllers */,
				5BC7742F17E9F7970066648E /* Employee Controllers */,
				5B140B5317B7CD470021F190 /* ScheduleViewController.h */,
				5B140B5417B7CD470021F190 /* ScheduleViewController.m */,
				5B38E00B17B7BFB000422EC1 /* QuickSchedule */,
				5B38E00417B7BFB000422EC1 /* Frameworks */,
				5B38E00317B7BFB000422EC1 /* Products */,
			);
			sourceTree = "<group>";
		};
		5B38E00317B7BFB000422EC1 /* Products */ = {
			isa = PBXGroup;
			children = (
				5B38E00217B7BFB000422EC1 /* QuickSchedule.app */,
			);
			name = Products;
			sourceTree = "<group>";
		};
		5B38E00417B7BFB000422EC1 /* Frameworks */ = {
			isa = PBXGroup;
			children = (
				5BAEA607180058EC0038A5ED /* MessageUI.framework */,
				5B38E00517B7BFB000422EC1 /* UIKit.framework */,
				5B38E00717B7BFB000422EC1 /* Foundation.framework */,
				5B38E00917B7BFB000422EC1 /* CoreGraphics.framework */,
			);
			name = Frameworks;
			sourceTree = "<group>";
		};
		5B38E00B17B7BFB000422EC1 /* QuickSchedule */ = {
			isa = PBXGroup;
			children = (
				5B38E03117B7C00700422EC1 /* Model Classes */,
				5B38E01417B7BFB000422EC1 /* AppDelegate.h */,
				5B38E01517B7BFB000422EC1 /* AppDelegate.m */,
				5B38E01D17B7BFB000422EC1 /* MainStoryboard.storyboard */,
				5B38E00C17B7BFB000422EC1 /* Supporting Files */,
			);
			path = QuickSchedule;
			sourceTree = "<group>";
		};
		5B38E00C17B7BFB000422EC1 /* Supporting Files */ = {
			isa = PBXGroup;
			children = (
				5B38E00D17B7BFB000422EC1 /* QuickSchedule-Info.plist */,
				5B38E00E17B7BFB000422EC1 /* InfoPlist.strings */,
				5B38E01117B7BFB000422EC1 /* main.m */,
				5B38E01317B7BFB000422EC1 /* QuickSchedule-Prefix.pch */,
				5B38E01717B7BFB000422EC1 /* Default.png */,
				5B38E01917B7BFB000422EC1 /* Default@2x.png */,
				5B38E01B17B7BFB000422EC1 /* Default-568h@2x.png */,
			);
			name = "Supporting Files";
			sourceTree = "<group>";
		};
		5B38E03117B7C00700422EC1 /* Model Classes */ = {
			isa = PBXGroup;
			children = (
				5B38E02817B7BFF400422EC1 /* Employee.h */,
				5B38E02917B7BFF400422EC1 /* Employee.m */,
				5B38E02A17B7BFF400422EC1 /* WorkShift.h */,
				5B38E02B17B7BFF400422EC1 /* WorkShift.m */,
				5B38E02C17B7BFF400422EC1 /* WorkDay.h */,
				5B38E02D17B7BFF400422EC1 /* WorkDay.m */,
				5BCFBBE817BFB66900C2ABC4 /* EmployeeDataController.h */,
				5BCFBBE917BFB66900C2ABC4 /* EmployeeDataController.m */,
			);
			name = "Model Classes";
			sourceTree = "<group>";
		};
		5BB7C95B17E8D42000608790 /* DataManager */ = {
			isa = PBXGroup;
			children = (
				5BB7C95C17E8D45900608790 /* MyManager.h */,
				5BB7C95D17E8D45900608790 /* MyManager.m */,
			);
			name = DataManager;
			sourceTree = "<group>";
		};
		5BBCE7691808D255004C5606 /* Model Classes */ = {
			isa = PBXGroup;
			children = (
				5BC237B51801BFD200C6CF6B /* Employee.h */,
				5BC237B61801BFD200C6CF6B /* Employee.m */,
				5BC237C51801BFD200C6CF6B /* WorkDay.h */,
				5BC237C61801BFD200C6CF6B /* WorkDay.m */,
				5BC237C71801BFD200C6CF6B /* WorkShift.h */,
				5BC237C81801BFD200C6CF6B /* WorkShift.m */,
			);
			name = "Model Classes";
			sourceTree = "<group>";
		};
		5BC237AF1801BFD200C6CF6B /* QuickSchedule */ = {
			isa = PBXGroup;
			children = (
				5BC237B01801BFD200C6CF6B /* AppDelegate.h */,
				5BC237B11801BFD200C6CF6B /* AppDelegate.m */,
				5BC237B21801BFD200C6CF6B /* Default-568h@2x.png */,
				5BC237B31801BFD200C6CF6B /* Default.png */,
				5BC237B41801BFD200C6CF6B /* Default@2x.png */,
				5BBCE7691808D255004C5606 /* Model Classes */,
				5BC237B91801BFD200C6CF6B /* EmployeesViewController.h */,
				5BC237BA1801BFD200C6CF6B /* EmployeesViewController.m */,
				5BC237BB1801BFD200C6CF6B /* InfoPlist.strings */,
				5BC237BD1801BFD200C6CF6B /* MainStoryboard.storyboard */,
				5BC237BF1801BFD200C6CF6B /* main.m */,
				5BC237C01801BFD200C6CF6B /* QuickSchedule-Info.plist */,
				5BC237C11801BFD200C6CF6B /* QuickSchedule-Prefix.pch */,
				5BC237C21801BFD200C6CF6B /* ScheduleViewController.h */,
				5BC237C31801BFD200C6CF6B /* ScheduleViewController.m */,
			);
			path = QuickSchedule;
			sourceTree = "<group>";
		};
		5BC7742F17E9F7970066648E /* Employee Controllers */ = {
			isa = PBXGroup;
			children = (
				5BCFBBE517BFA4F700C2ABC4 /* AddEmployeeViewController.h */,
				5BCFBBE617BFA4F700C2ABC4 /* AddEmployeeViewController.m */,
				5B140B5617B7D75C0021F190 /* EmployeesViewController.h */,
				5B140B5717B7D75C0021F190 /* EmployeesViewController.m */,
			);
			name = "Employee Controllers";
			sourceTree = "<group>";
		};
		5BC7743017E9F8140066648E /* WorkShift Controllers */ = {
			isa = PBXGroup;
			children = (
				5BC7743117E9F8440066648E /* View 1 */,
				5BC7743217E9F8570066648E /* View 2 */,
				5BC7743317E9F8950066648E /* View 3 */,
			);
			name = "WorkShift Controllers";
			sourceTree = "<group>";
		};
		5BC7743117E9F8440066648E /* View 1 */ = {
			isa = PBXGroup;
			children = (
				5B18C31717C12D8200711181 /* EditShiftsViewController.h */,
				5B18C31817C12D8200711181 /* EditShiftsViewController.m */,
			);
			name = "View 1";
			sourceTree = "<group>";
		};
		5BC7743217E9F8570066648E /* View 2 */ = {
			isa = PBXGroup;
			children = (
				5B0E186B17D4E43000237B76 /* EditDayViewController.h */,
				5B0E186C17D4E43000237B76 /* EditDayViewController.m */,
			);
			name = "View 2";
			sourceTree = "<group>";
		};
		5BC7743317E9F8950066648E /* View 3 */ = {
			isa = PBXGroup;
			children = (
				5B0E186E17D4E4E000237B76 /* EditShiftDetailViewController.h */,
				5B0E186F17D4E4E000237B76 /* EditShiftDetailViewController.m */,
			);
			name = "View 3";
			sourceTree = "<group>";
		};
/* End PBXGroup section */

/* Begin PBXNativeTarget section */
		5B38E00117B7BFB000422EC1 /* QuickSchedule */ = {
			isa = PBXNativeTarget;
			buildConfigurationList = 5B38E02517B7BFB000422EC1 /* Build configuration list for PBXNativeTarget "QuickSchedule" */;
			buildPhases = (
				5B38DFFE17B7BFB000422EC1 /* Sources */,
				5B38DFFF17B7BFB000422EC1 /* Frameworks */,
				5B38E00017B7BFB000422EC1 /* Resources */,
			);
			buildRules = (
			);
			dependencies = (
			);
			name = QuickSchedule;
			productName = QuickSchedule;
			productReference = 5B38E00217B7BFB000422EC1 /* QuickSchedule.app */;
			productType = "com.apple.product-type.application";
		};
/* End PBXNativeTarget section */

/* Begin PBXProject section */
		5B38DFFA17B7BFB000422EC1 /* Project object */ = {
			isa = PBXProject;
			attributes = {
				LastUpgradeCheck = 0500;
				ORGANIZATIONNAME = "Darrell Nicholas";
				TargetAttributes = {
					5B38E00117B7BFB000422EC1 = {
						DevelopmentTeam = YAZVT7PQ49;
					};
				};
			};
			buildConfigurationList = 5B38DFFD17B7BFB000422EC1 /* Build configuration list for PBXProject "QuickSchedule" */;
			compatibilityVersion = "Xcode 3.2";
			developmentRegion = English;
			hasScannedForEncodings = 0;
			knownRegions = (
				en,
			);
			mainGroup = 5B38DFF917B7BFB000422EC1;
			productRefGroup = 5B38E00317B7BFB000422EC1 /* Products */;
			projectDirPath = "";
			projectRoot = "";
			targets = (
				5B38E00117B7BFB000422EC1 /* QuickSchedule */,
			);
		};
/* End PBXProject section */

/* Begin PBXResourcesBuildPhase section */
		5B38E00017B7BFB000422EC1 /* Resources */ = {
			isa = PBXResourcesBuildPhase;
			buildActionMask = 2147483647;
			files = (
				5BC237CC1801BFD200C6CF6B /* Default@2x.png in Resources */,
				5B38E01017B7BFB000422EC1 /* InfoPlist.strings in Resources */,
				5B38E01817B7BFB000422EC1 /* Default.png in Resources */,
				5B38E01C17B7BFB000422EC1 /* Default-568h@2x.png in Resources */,
				5BC237D11801BFD200C6CF6B /* MainStoryboard.storyboard in Resources */,
				5BC237D91801C01600C6CF6B /* shareIcon.png in Resources */,
				5B38E01F17B7BFB000422EC1 /* MainStoryboard.storyboard in Resources */,
				5BC237D01801BFD200C6CF6B /* InfoPlist.strings in Resources */,
			);
			runOnlyForDeploymentPostprocessing = 0;
		};
/* End PBXResourcesBuildPhase section */

/* Begin PBXSourcesBuildPhase section */
		5B38DFFE17B7BFB000422EC1 /* Sources */ = {
			isa = PBXSourcesBuildPhase;
			buildActionMask = 2147483647;
			files = (
				5BC237CF1801BFD200C6CF6B /* EmployeesViewController.m in Sources */,
				5B38E01217B7BFB000422EC1 /* main.m in Sources */,
				5B38E01617B7BFB000422EC1 /* AppDelegate.m in Sources */,
				5B38E02E17B7BFF400422EC1 /* Employee.m in Sources */,
				5B38E02F17B7BFF400422EC1 /* WorkShift.m in Sources */,
				5B38E03017B7BFF400422EC1 /* WorkDay.m in Sources */,
				5BC237D41801BFD200C6CF6B /* ScheduleViewController.m in Sources */,
				5BCFBBE717BFA4F700C2ABC4 /* AddEmployeeViewController.m in Sources */,
				5BC119631801131F00DC2904 /* DayOrderViewController.m in Sources */,
				5B18C31917C12D8200711181 /* EditShiftsViewController.m in Sources */,
				5B0E186D17D4E43000237B76 /* EditDayViewController.m in Sources */,
				5B0E187017D4E4E000237B76 /* EditShiftDetailViewController.m in Sources */,
				5BB7C95E17E8D45900608790 /* MyManager.m in Sources */,
			);
			runOnlyForDeploymentPostprocessing = 0;
		};
/* End PBXSourcesBuildPhase section */

/* Begin PBXVariantGroup section */
		5B38E00E17B7BFB000422EC1 /* InfoPlist.strings */ = {
			isa = PBXVariantGroup;
			children = (
				5B38E00F17B7BFB000422EC1 /* en */,
			);
			name = InfoPlist.strings;
			sourceTree = "<group>";
		};
		5B38E01D17B7BFB000422EC1 /* MainStoryboard.storyboard */ = {
			isa = PBXVariantGroup;
			children = (
				5B38E01E17B7BFB000422EC1 /* en */,
			);
			name = MainStoryboard.storyboard;
			sourceTree = "<group>";
		};
		5BC237BB1801BFD200C6CF6B /* InfoPlist.strings */ = {
			isa = PBXVariantGroup;
			children = (
				5BC237BC1801BFD200C6CF6B /* en */,
			);
			name = InfoPlist.strings;
			sourceTree = "<group>";
		};
		5BC237BD1801BFD200C6CF6B /* MainStoryboard.storyboard */ = {
			isa = PBXVariantGroup;
			children = (
				5BC237BE1801BFD200C6CF6B /* en */,
			);
			name = MainStoryboard.storyboard;
			sourceTree = "<group>";
		};
/* End PBXVariantGroup section */

/* Begin XCBuildConfiguration section */
		5B38E02317B7BFB000422EC1 /* Debug */ = {
			isa = XCBuildConfiguration;
			buildSettings = {
				ALWAYS_SEARCH_USER_PATHS = NO;
				CLANG_CXX_LANGUAGE_STANDARD = "gnu++0x";
				CLANG_CXX_LIBRARY = "libc++";
				CLANG_ENABLE_OBJC_ARC = YES;
				CLANG_WARN_CONSTANT_CONVERSION = YES;
				CLANG_WARN_EMPTY_BODY = YES;
				CLANG_WARN_ENUM_CONVERSION = YES;
				CLANG_WARN_INT_CONVERSION = YES;
				CLANG_WARN__DUPLICATE_METHOD_MATCH = YES;
				"CODE_SIGN_IDENTITY[sdk=iphoneos*]" = "iPhone Developer";
				COPY_PHASE_STRIP = NO;
				GCC_C_LANGUAGE_STANDARD = gnu99;
				GCC_DYNAMIC_NO_PIC = NO;
				GCC_OPTIMIZATION_LEVEL = 0;
				GCC_PREPROCESSOR_DEFINITIONS = (
					"DEBUG=1",
					"$(inherited)",
				);
				GCC_SYMBOLS_PRIVATE_EXTERN = NO;
				GCC_WARN_ABOUT_RETURN_TYPE = YES;
				GCC_WARN_UNINITIALIZED_AUTOS = YES;
				GCC_WARN_UNUSED_VARIABLE = YES;
				IPHONEOS_DEPLOYMENT_TARGET = 6.1;
				ONLY_ACTIVE_ARCH = YES;
				SDKROOT = iphoneos;
			};
			name = Debug;
		};
		5B38E02417B7BFB000422EC1 /* Release */ = {
			isa = XCBuildConfiguration;
			buildSettings = {
				ALWAYS_SEARCH_USER_PATHS = NO;
				CLANG_CXX_LANGUAGE_STANDARD = "gnu++0x";
				CLANG_CXX_LIBRARY = "libc++";
				CLANG_ENABLE_OBJC_ARC = YES;
				CLANG_WARN_CONSTANT_CONVERSION = YES;
				CLANG_WARN_EMPTY_BODY = YES;
				CLANG_WARN_ENUM_CONVERSION = YES;
				CLANG_WARN_INT_CONVERSION = YES;
				CLANG_WARN__DUPLICATE_METHOD_MATCH = YES;
				"CODE_SIGN_IDENTITY[sdk=iphoneos*]" = "iPhone Developer";
				COPY_PHASE_STRIP = YES;
				GCC_C_LANGUAGE_STANDARD = gnu99;
				GCC_WARN_ABOUT_RETURN_TYPE = YES;
				GCC_WARN_UNINITIALIZED_AUTOS = YES;
				GCC_WARN_UNUSED_VARIABLE = YES;
				IPHONEOS_DEPLOYMENT_TARGET = 6.1;
				OTHER_CFLAGS = "-DNS_BLOCK_ASSERTIONS=1";
				SDKROOT = iphoneos;
				VALIDATE_PRODUCT = YES;
			};
			name = Release;
		};
		5B38E02617B7BFB000422EC1 /* Debug */ = {
			isa = XCBuildConfiguration;
			buildSettings = {
				CODE_SIGN_IDENTITY = "iPhone Developer";
				"CODE_SIGN_IDENTITY[sdk=iphoneos*]" = "iPhone Developer";
				GCC_PRECOMPILE_PREFIX_HEADER = YES;
				GCC_PREFIX_HEADER = "QuickSchedule/QuickSchedule-Prefix.pch";
				INFOPLIST_FILE = "QuickSchedule/QuickSchedule-Info.plist";
				PRODUCT_NAME = "$(TARGET_NAME)";
				PROVISIONING_PROFILE = "";
				WRAPPER_EXTENSION = app;
			};
			name = Debug;
		};
		5B38E02717B7BFB000422EC1 /* Release */ = {
			isa = XCBuildConfiguration;
			buildSettings = {
				CODE_SIGN_IDENTITY = "iPhone Developer";
				"CODE_SIGN_IDENTITY[sdk=iphoneos*]" = "iPhone Developer";
				GCC_PRECOMPILE_PREFIX_HEADER = YES;
				GCC_PREFIX_HEADER = "QuickSchedule/QuickSchedule-Prefix.pch";
				INFOPLIST_FILE = "QuickSchedule/QuickSchedule-Info.plist";
				PRODUCT_NAME = "$(TARGET_NAME)";
				PROVISIONING_PROFILE = "";
				WRAPPER_EXTENSION = app;
			};
			name = Release;
		};
/* End XCBuildConfiguration section */

/* Begin XCConfigurationList section */
		5B38DFFD17B7BFB000422EC1 /* Build configuration list for PBXProject "QuickSchedule" */ = {
			isa = XCConfigurationList;
			buildConfigurations = (
				5B38E02317B7BFB000422EC1 /* Debug */,
				5B38E02417B7BFB000422EC1 /* Release */,
			);
			defaultConfigurationIsVisible = 0;
			defaultConfigurationName = Release;
		};
		5B38E02517B7BFB000422EC1 /* Build configuration list for PBXNativeTarget "QuickSchedule" */ = {
			isa = XCConfigurationList;
			buildConfigurations = (
				5B38E02617B7BFB000422EC1 /* Debug */,
				5B38E02717B7BFB000422EC1 /* Release */,
			);
			defaultConfigurationIsVisible = 0;
			defaultConfigurationName = Release;
		};
/* End XCConfigurationList section */
	};
	rootObject = 5B38DFFA17B7BFB000422EC1 /* Project object */;
}
